// !$*UTF8*$!
{
	archiveVersion = 1;
	classes = {
	};
	objectVersion = 56;
	objects = {

/* Begin PBXBuildFile section */
		F1827A192C49DC4C00F0F422 /* NYU_BUS_ROUTERApp.swift in Sources */ = {isa = PBXBuildFile; fileRef = F1827A182C49DC4C00F0F422 /* NYU_BUS_ROUTERApp.swift */; };
		F1827A1D2C49DC4C00F0F422 /* Item.swift in Sources */ = {isa = PBXBuildFile; fileRef = F1827A1C2C49DC4C00F0F422 /* Item.swift */; };
		F1827A1F2C49DC4F00F0F422 /* Assets.xcassets in Resources */ = {isa = PBXBuildFile; fileRef = F1827A1E2C49DC4F00F0F422 /* Assets.xcassets */; };
		F1827A222C49DC4F00F0F422 /* Preview Assets.xcassets in Resources */ = {isa = PBXBuildFile; fileRef = F1827A212C49DC4F00F0F422 /* Preview Assets.xcassets */; };
		F1827A2C2C49DC5000F0F422 /* NYU_BUS_ROUTERTests.swift in Sources */ = {isa = PBXBuildFile; fileRef = F1827A2B2C49DC5000F0F422 /* NYU_BUS_ROUTERTests.swift */; };
		F1827A362C49DC5000F0F422 /* NYU_BUS_ROUTERUITests.swift in Sources */ = {isa = PBXBuildFile; fileRef = F1827A352C49DC5000F0F422 /* NYU_BUS_ROUTERUITests.swift */; };
		F1827A382C49DC5000F0F422 /* NYU_BUS_ROUTERUITestsLaunchTests.swift in Sources */ = {isa = PBXBuildFile; fileRef = F1827A372C49DC5000F0F422 /* NYU_BUS_ROUTERUITestsLaunchTests.swift */; };
		F1827A452C49DCA000F0F422 /* BusStopTime.swift in Sources */ = {isa = PBXBuildFile; fileRef = F1827A442C49DCA000F0F422 /* BusStopTime.swift */; };
		F1827A462C49DCA000F0F422 /* BusStopTime.swift in Sources */ = {isa = PBXBuildFile; fileRef = F1827A442C49DCA000F0F422 /* BusStopTime.swift */; };
		F1827A472C49DCA000F0F422 /* BusStopTime.swift in Sources */ = {isa = PBXBuildFile; fileRef = F1827A442C49DCA000F0F422 /* BusStopTime.swift */; };
		F1827A7E2C49DD4B00F0F422 /* Route_A_Schedule_Friday.json in Resources */ = {isa = PBXBuildFile; fileRef = F1827A7D2C49DD4B00F0F422 /* Route_A_Schedule_Friday.json */; };
		F1827A7F2C49DD4B00F0F422 /* Route_A_Schedule_Friday.json in Resources */ = {isa = PBXBuildFile; fileRef = F1827A7D2C49DD4B00F0F422 /* Route_A_Schedule_Friday.json */; };
		F1827A802C49DD4B00F0F422 /* Route_A_Schedule_Friday.json in Resources */ = {isa = PBXBuildFile; fileRef = F1827A7D2C49DD4B00F0F422 /* Route_A_Schedule_Friday.json */; };
		F1827A822C49DD5F00F0F422 /* Route_A_Schedule_Monday-Thursday.json in Resources */ = {isa = PBXBuildFile; fileRef = F1827A812C49DD5F00F0F422 /* Route_A_Schedule_Monday-Thursday.json */; };
		F1827A832C49DD5F00F0F422 /* Route_A_Schedule_Monday-Thursday.json in Resources */ = {isa = PBXBuildFile; fileRef = F1827A812C49DD5F00F0F422 /* Route_A_Schedule_Monday-Thursday.json */; };
		F1827A842C49DD5F00F0F422 /* Route_A_Schedule_Monday-Thursday.json in Resources */ = {isa = PBXBuildFile; fileRef = F1827A812C49DD5F00F0F422 /* Route_A_Schedule_Monday-Thursday.json */; };
		F1827A862C49DD6500F0F422 /* Route_A_Schedule_Weekend.json in Resources */ = {isa = PBXBuildFile; fileRef = F1827A852C49DD6500F0F422 /* Route_A_Schedule_Weekend.json */; };
		F1827A872C49DD6500F0F422 /* Route_A_Schedule_Weekend.json in Resources */ = {isa = PBXBuildFile; fileRef = F1827A852C49DD6500F0F422 /* Route_A_Schedule_Weekend.json */; };
		F1827A882C49DD6500F0F422 /* Route_A_Schedule_Weekend.json in Resources */ = {isa = PBXBuildFile; fileRef = F1827A852C49DD6500F0F422 /* Route_A_Schedule_Weekend.json */; };
		F1827A8A2C49DD6E00F0F422 /* Route_B_Schedule_Friday.json in Resources */ = {isa = PBXBuildFile; fileRef = F1827A892C49DD6E00F0F422 /* Route_B_Schedule_Friday.json */; };
		F1827A8B2C49DD6E00F0F422 /* Route_B_Schedule_Friday.json in Resources */ = {isa = PBXBuildFile; fileRef = F1827A892C49DD6E00F0F422 /* Route_B_Schedule_Friday.json */; };
		F1827A8C2C49DD6E00F0F422 /* Route_B_Schedule_Friday.json in Resources */ = {isa = PBXBuildFile; fileRef = F1827A892C49DD6E00F0F422 /* Route_B_Schedule_Friday.json */; };
		F1827A8E2C49DD7900F0F422 /* Route_B_Schedule_Monday-Thursday.json in Resources */ = {isa = PBXBuildFile; fileRef = F1827A8D2C49DD7900F0F422 /* Route_B_Schedule_Monday-Thursday.json */; };
		F1827A8F2C49DD7900F0F422 /* Route_B_Schedule_Monday-Thursday.json in Resources */ = {isa = PBXBuildFile; fileRef = F1827A8D2C49DD7900F0F422 /* Route_B_Schedule_Monday-Thursday.json */; };
		F1827A902C49DD7900F0F422 /* Route_B_Schedule_Monday-Thursday.json in Resources */ = {isa = PBXBuildFile; fileRef = F1827A8D2C49DD7900F0F422 /* Route_B_Schedule_Monday-Thursday.json */; };
		F1827A922C49DD8700F0F422 /* Route_C_Schedule_Monday-Thursday.json in Resources */ = {isa = PBXBuildFile; fileRef = F1827A912C49DD8700F0F422 /* Route_C_Schedule_Monday-Thursday.json */; };
		F1827A932C49DD8700F0F422 /* Route_C_Schedule_Monday-Thursday.json in Resources */ = {isa = PBXBuildFile; fileRef = F1827A912C49DD8700F0F422 /* Route_C_Schedule_Monday-Thursday.json */; };
		F1827A942C49DD8700F0F422 /* Route_C_Schedule_Monday-Thursday.json in Resources */ = {isa = PBXBuildFile; fileRef = F1827A912C49DD8700F0F422 /* Route_C_Schedule_Monday-Thursday.json */; };
		F1827A962C49DD9200F0F422 /* Route_E_Schedule_Friday.json in Resources */ = {isa = PBXBuildFile; fileRef = F1827A952C49DD9200F0F422 /* Route_E_Schedule_Friday.json */; };
		F1827A972C49DD9200F0F422 /* Route_E_Schedule_Friday.json in Resources */ = {isa = PBXBuildFile; fileRef = F1827A952C49DD9200F0F422 /* Route_E_Schedule_Friday.json */; };
		F1827A982C49DD9200F0F422 /* Route_E_Schedule_Friday.json in Resources */ = {isa = PBXBuildFile; fileRef = F1827A952C49DD9200F0F422 /* Route_E_Schedule_Friday.json */; };
		F1827A9A2C49DD9900F0F422 /* Route_E_Schedule_Monday-Thursday.json in Resources */ = {isa = PBXBuildFile; fileRef = F1827A992C49DD9900F0F422 /* Route_E_Schedule_Monday-Thursday.json */; };
		F1827A9B2C49DD9900F0F422 /* Route_E_Schedule_Monday-Thursday.json in Resources */ = {isa = PBXBuildFile; fileRef = F1827A992C49DD9900F0F422 /* Route_E_Schedule_Monday-Thursday.json */; };
		F1827A9C2C49DD9900F0F422 /* Route_E_Schedule_Monday-Thursday.json in Resources */ = {isa = PBXBuildFile; fileRef = F1827A992C49DD9900F0F422 /* Route_E_Schedule_Monday-Thursday.json */; };
		F1827A9E2C49DDA000F0F422 /* Route_F_Schedule_Monday-Thursday.json in Resources */ = {isa = PBXBuildFile; fileRef = F1827A9D2C49DDA000F0F422 /* Route_F_Schedule_Monday-Thursday.json */; };
		F1827A9F2C49DDA000F0F422 /* Route_F_Schedule_Monday-Thursday.json in Resources */ = {isa = PBXBuildFile; fileRef = F1827A9D2C49DDA000F0F422 /* Route_F_Schedule_Monday-Thursday.json */; };
		F1827AA02C49DDA000F0F422 /* Route_F_Schedule_Monday-Thursday.json in Resources */ = {isa = PBXBuildFile; fileRef = F1827A9D2C49DDA000F0F422 /* Route_F_Schedule_Monday-Thursday.json */; };
		F1827AA22C49DDA900F0F422 /* Route_G_Schedule_Friday.json in Resources */ = {isa = PBXBuildFile; fileRef = F1827AA12C49DDA900F0F422 /* Route_G_Schedule_Friday.json */; };
		F1827AA32C49DDA900F0F422 /* Route_G_Schedule_Friday.json in Resources */ = {isa = PBXBuildFile; fileRef = F1827AA12C49DDA900F0F422 /* Route_G_Schedule_Friday.json */; };
		F1827AA42C49DDA900F0F422 /* Route_G_Schedule_Friday.json in Resources */ = {isa = PBXBuildFile; fileRef = F1827AA12C49DDA900F0F422 /* Route_G_Schedule_Friday.json */; };
		F1827AA62C49DDAD00F0F422 /* Route_G_Schedule_Monday-Thursday.json in Resources */ = {isa = PBXBuildFile; fileRef = F1827AA52C49DDAD00F0F422 /* Route_G_Schedule_Monday-Thursday.json */; };
		F1827AA72C49DDAD00F0F422 /* Route_G_Schedule_Monday-Thursday.json in Resources */ = {isa = PBXBuildFile; fileRef = F1827AA52C49DDAD00F0F422 /* Route_G_Schedule_Monday-Thursday.json */; };
		F1827AA82C49DDAD00F0F422 /* Route_G_Schedule_Monday-Thursday.json in Resources */ = {isa = PBXBuildFile; fileRef = F1827AA52C49DDAD00F0F422 /* Route_G_Schedule_Monday-Thursday.json */; };
		F1827AAA2C49DDB200F0F422 /* Route_G_Schedule_Weekend.json in Resources */ = {isa = PBXBuildFile; fileRef = F1827AA92C49DDB200F0F422 /* Route_G_Schedule_Weekend.json */; };
		F1827AAB2C49DDB200F0F422 /* Route_G_Schedule_Weekend.json in Resources */ = {isa = PBXBuildFile; fileRef = F1827AA92C49DDB200F0F422 /* Route_G_Schedule_Weekend.json */; };
		F1827AAC2C49DDB200F0F422 /* Route_G_Schedule_Weekend.json in Resources */ = {isa = PBXBuildFile; fileRef = F1827AA92C49DDB200F0F422 /* Route_G_Schedule_Weekend.json */; };
		F1827AAE2C49DDB800F0F422 /* Route_W_Schedule_Weekend.json in Resources */ = {isa = PBXBuildFile; fileRef = F1827AAD2C49DDB800F0F422 /* Route_W_Schedule_Weekend.json */; };
		F1827AAF2C49DDB800F0F422 /* Route_W_Schedule_Weekend.json in Resources */ = {isa = PBXBuildFile; fileRef = F1827AAD2C49DDB800F0F422 /* Route_W_Schedule_Weekend.json */; };
		F1827AB02C49DDB800F0F422 /* Route_W_Schedule_Weekend.json in Resources */ = {isa = PBXBuildFile; fileRef = F1827AAD2C49DDB800F0F422 /* Route_W_Schedule_Weekend.json */; };
		F1827AB22C4AEB8700F0F422 /* ScheduleView.swift in Sources */ = {isa = PBXBuildFile; fileRef = F1827AB12C4AEB8700F0F422 /* ScheduleView.swift */; };
		F1827AB32C4AEB8700F0F422 /* ScheduleView.swift in Sources */ = {isa = PBXBuildFile; fileRef = F1827AB12C4AEB8700F0F422 /* ScheduleView.swift */; };
		F1827AB42C4AEB8700F0F422 /* ScheduleView.swift in Sources */ = {isa = PBXBuildFile; fileRef = F1827AB12C4AEB8700F0F422 /* ScheduleView.swift */; };
		F1827AB62C4AEC3500F0F422 /* MainView.swift in Sources */ = {isa = PBXBuildFile; fileRef = F1827AB52C4AEC3500F0F422 /* MainView.swift */; };
		F1827AB72C4AEC3500F0F422 /* MainView.swift in Sources */ = {isa = PBXBuildFile; fileRef = F1827AB52C4AEC3500F0F422 /* MainView.swift */; };
		F1827AB82C4AEC3500F0F422 /* MainView.swift in Sources */ = {isa = PBXBuildFile; fileRef = F1827AB52C4AEC3500F0F422 /* MainView.swift */; };
		F1827ABA2C4AEC5C00F0F422 /* MapsView.swift in Sources */ = {isa = PBXBuildFile; fileRef = F1827AB92C4AEC5C00F0F422 /* MapsView.swift */; };
		F1827ABB2C4AEC5C00F0F422 /* MapsView.swift in Sources */ = {isa = PBXBuildFile; fileRef = F1827AB92C4AEC5C00F0F422 /* MapsView.swift */; };
		F1827ABC2C4AEC5C00F0F422 /* MapsView.swift in Sources */ = {isa = PBXBuildFile; fileRef = F1827AB92C4AEC5C00F0F422 /* MapsView.swift */; };
		F1827ABE2C4AEC7A00F0F422 /* HomeView.swift in Sources */ = {isa = PBXBuildFile; fileRef = F1827ABD2C4AEC7A00F0F422 /* HomeView.swift */; };
		F1827ABF2C4AEC7A00F0F422 /* HomeView.swift in Sources */ = {isa = PBXBuildFile; fileRef = F1827ABD2C4AEC7A00F0F422 /* HomeView.swift */; };
		F1827AC02C4AEC7A00F0F422 /* HomeView.swift in Sources */ = {isa = PBXBuildFile; fileRef = F1827ABD2C4AEC7A00F0F422 /* HomeView.swift */; };
/* End PBXBuildFile section */

/* Begin PBXContainerItemProxy section */
		F1827A282C49DC5000F0F422 /* PBXContainerItemProxy */ = {
			isa = PBXContainerItemProxy;
			containerPortal = F1827A0D2C49DC4C00F0F422 /* Project object */;
			proxyType = 1;
			remoteGlobalIDString = F1827A142C49DC4C00F0F422;
			remoteInfo = NYU_BUS_ROUTER;
		};
		F1827A322C49DC5000F0F422 /* PBXContainerItemProxy */ = {
			isa = PBXContainerItemProxy;
			containerPortal = F1827A0D2C49DC4C00F0F422 /* Project object */;
			proxyType = 1;
			remoteGlobalIDString = F1827A142C49DC4C00F0F422;
			remoteInfo = NYU_BUS_ROUTER;
		};
/* End PBXContainerItemProxy section */

/* Begin PBXFileReference section */
		F1827A152C49DC4C00F0F422 /* NYU_BUS_ROUTER.app */ = {isa = PBXFileReference; explicitFileType = wrapper.application; includeInIndex = 0; path = NYU_BUS_ROUTER.app; sourceTree = BUILT_PRODUCTS_DIR; };
		F1827A182C49DC4C00F0F422 /* NYU_BUS_ROUTERApp.swift */ = {isa = PBXFileReference; lastKnownFileType = sourcecode.swift; path = NYU_BUS_ROUTERApp.swift; sourceTree = "<group>"; };
		F1827A1C2C49DC4C00F0F422 /* Item.swift */ = {isa = PBXFileReference; lastKnownFileType = sourcecode.swift; path = Item.swift; sourceTree = "<group>"; };
		F1827A1E2C49DC4F00F0F422 /* Assets.xcassets */ = {isa = PBXFileReference; lastKnownFileType = folder.assetcatalog; path = Assets.xcassets; sourceTree = "<group>"; };
		F1827A212C49DC4F00F0F422 /* Preview Assets.xcassets */ = {isa = PBXFileReference; lastKnownFileType = folder.assetcatalog; path = "Preview Assets.xcassets"; sourceTree = "<group>"; };
		F1827A272C49DC5000F0F422 /* NYU_BUS_ROUTERTests.xctest */ = {isa = PBXFileReference; explicitFileType = wrapper.cfbundle; includeInIndex = 0; path = NYU_BUS_ROUTERTests.xctest; sourceTree = BUILT_PRODUCTS_DIR; };
		F1827A2B2C49DC5000F0F422 /* NYU_BUS_ROUTERTests.swift */ = {isa = PBXFileReference; lastKnownFileType = sourcecode.swift; path = NYU_BUS_ROUTERTests.swift; sourceTree = "<group>"; };
		F1827A312C49DC5000F0F422 /* NYU_BUS_ROUTERUITests.xctest */ = {isa = PBXFileReference; explicitFileType = wrapper.cfbundle; includeInIndex = 0; path = NYU_BUS_ROUTERUITests.xctest; sourceTree = BUILT_PRODUCTS_DIR; };
		F1827A352C49DC5000F0F422 /* NYU_BUS_ROUTERUITests.swift */ = {isa = PBXFileReference; lastKnownFileType = sourcecode.swift; path = NYU_BUS_ROUTERUITests.swift; sourceTree = "<group>"; };
		F1827A372C49DC5000F0F422 /* NYU_BUS_ROUTERUITestsLaunchTests.swift */ = {isa = PBXFileReference; lastKnownFileType = sourcecode.swift; path = NYU_BUS_ROUTERUITestsLaunchTests.swift; sourceTree = "<group>"; };
		F1827A442C49DCA000F0F422 /* BusStopTime.swift */ = {isa = PBXFileReference; lastKnownFileType = sourcecode.swift; path = BusStopTime.swift; sourceTree = "<group>"; };
		F1827A7D2C49DD4B00F0F422 /* Route_A_Schedule_Friday.json */ = {isa = PBXFileReference; fileEncoding = 4; lastKnownFileType = text.json; name = Route_A_Schedule_Friday.json; path = "../../../NYU_Bus_App/data/Route A/Route_A_Schedule_Friday.json"; sourceTree = "<group>"; };
		F1827A812C49DD5F00F0F422 /* Route_A_Schedule_Monday-Thursday.json */ = {isa = PBXFileReference; fileEncoding = 4; lastKnownFileType = text.json; name = "Route_A_Schedule_Monday-Thursday.json"; path = "../../../NYU_Bus_App/data/Route A/Route_A_Schedule_Monday-Thursday.json"; sourceTree = "<group>"; };
		F1827A852C49DD6500F0F422 /* Route_A_Schedule_Weekend.json */ = {isa = PBXFileReference; fileEncoding = 4; lastKnownFileType = text.json; name = Route_A_Schedule_Weekend.json; path = "../../../NYU_Bus_App/data/Route A/Route_A_Schedule_Weekend.json"; sourceTree = "<group>"; };
		F1827A892C49DD6E00F0F422 /* Route_B_Schedule_Friday.json */ = {isa = PBXFileReference; fileEncoding = 4; lastKnownFileType = text.json; name = Route_B_Schedule_Friday.json; path = "../../../NYU_Bus_App/data/Route B/Route_B_Schedule_Friday.json"; sourceTree = "<group>"; };
		F1827A8D2C49DD7900F0F422 /* Route_B_Schedule_Monday-Thursday.json */ = {isa = PBXFileReference; fileEncoding = 4; lastKnownFileType = text.json; name = "Route_B_Schedule_Monday-Thursday.json"; path = "../../../NYU_Bus_App/data/Route B/Route_B_Schedule_Monday-Thursday.json"; sourceTree = "<group>"; };
		F1827A912C49DD8700F0F422 /* Route_C_Schedule_Monday-Thursday.json */ = {isa = PBXFileReference; fileEncoding = 4; lastKnownFileType = text.json; name = "Route_C_Schedule_Monday-Thursday.json"; path = "../../../NYU_Bus_App/data/Route C/Route_C_Schedule_Monday-Thursday.json"; sourceTree = "<group>"; };
		F1827A952C49DD9200F0F422 /* Route_E_Schedule_Friday.json */ = {isa = PBXFileReference; fileEncoding = 4; lastKnownFileType = text.json; name = Route_E_Schedule_Friday.json; path = "../../../NYU_Bus_App/data/Route E/Route_E_Schedule_Friday.json"; sourceTree = "<group>"; };
		F1827A992C49DD9900F0F422 /* Route_E_Schedule_Monday-Thursday.json */ = {isa = PBXFileReference; fileEncoding = 4; lastKnownFileType = text.json; name = "Route_E_Schedule_Monday-Thursday.json"; path = "../../../NYU_Bus_App/data/Route E/Route_E_Schedule_Monday-Thursday.json"; sourceTree = "<group>"; };
		F1827A9D2C49DDA000F0F422 /* Route_F_Schedule_Monday-Thursday.json */ = {isa = PBXFileReference; fileEncoding = 4; lastKnownFileType = text.json; name = "Route_F_Schedule_Monday-Thursday.json"; path = "../../../NYU_Bus_App/data/Route F/Route_F_Schedule_Monday-Thursday.json"; sourceTree = "<group>"; };
		F1827AA12C49DDA900F0F422 /* Route_G_Schedule_Friday.json */ = {isa = PBXFileReference; fileEncoding = 4; lastKnownFileType = text.json; name = Route_G_Schedule_Friday.json; path = "../../../NYU_Bus_App/data/Route G/Route_G_Schedule_Friday.json"; sourceTree = "<group>"; };
		F1827AA52C49DDAD00F0F422 /* Route_G_Schedule_Monday-Thursday.json */ = {isa = PBXFileReference; fileEncoding = 4; lastKnownFileType = text.json; name = "Route_G_Schedule_Monday-Thursday.json"; path = "../../../NYU_Bus_App/data/Route G/Route_G_Schedule_Monday-Thursday.json"; sourceTree = "<group>"; };
		F1827AA92C49DDB200F0F422 /* Route_G_Schedule_Weekend.json */ = {isa = PBXFileReference; fileEncoding = 4; lastKnownFileType = text.json; name = Route_G_Schedule_Weekend.json; path = "../../../NYU_Bus_App/data/Route G/Route_G_Schedule_Weekend.json"; sourceTree = "<group>"; };
		F1827AAD2C49DDB800F0F422 /* Route_W_Schedule_Weekend.json */ = {isa = PBXFileReference; fileEncoding = 4; lastKnownFileType = text.json; name = Route_W_Schedule_Weekend.json; path = "../../../NYU_Bus_App/data/Route W/Route_W_Schedule_Weekend.json"; sourceTree = "<group>"; };
		F1827AB12C4AEB8700F0F422 /* ScheduleView.swift */ = {isa = PBXFileReference; lastKnownFileType = sourcecode.swift; path = ScheduleView.swift; sourceTree = "<group>"; };
		F1827AB52C4AEC3500F0F422 /* MainView.swift */ = {isa = PBXFileReference; lastKnownFileType = sourcecode.swift; path = MainView.swift; sourceTree = "<group>"; };
		F1827AB92C4AEC5C00F0F422 /* MapsView.swift */ = {isa = PBXFileReference; lastKnownFileType = sourcecode.swift; path = MapsView.swift; sourceTree = "<group>"; };
		F1827ABD2C4AEC7A00F0F422 /* HomeView.swift */ = {isa = PBXFileReference; lastKnownFileType = sourcecode.swift; path = HomeView.swift; sourceTree = "<group>"; };
/* End PBXFileReference section */

/* Begin PBXFrameworksBuildPhase section */
		F1827A122C49DC4C00F0F422 /* Frameworks */ = {
			isa = PBXFrameworksBuildPhase;
			buildActionMask = 2147483647;
			files = (
			);
			runOnlyForDeploymentPostprocessing = 0;
		};
		F1827A242C49DC5000F0F422 /* Frameworks */ = {
			isa = PBXFrameworksBuildPhase;
			buildActionMask = 2147483647;
			files = (
			);
			runOnlyForDeploymentPostprocessing = 0;
		};
		F1827A2E2C49DC5000F0F422 /* Frameworks */ = {
			isa = PBXFrameworksBuildPhase;
			buildActionMask = 2147483647;
			files = (
			);
			runOnlyForDeploymentPostprocessing = 0;
		};
/* End PBXFrameworksBuildPhase section */

/* Begin PBXGroup section */
		F1827A0C2C49DC4C00F0F422 = {
			isa = PBXGroup;
			children = (
				F1827A172C49DC4C00F0F422 /* NYU_BUS_ROUTER */,
				F1827A2A2C49DC5000F0F422 /* NYU_BUS_ROUTERTests */,
				F1827A342C49DC5000F0F422 /* NYU_BUS_ROUTERUITests */,
				F1827A162C49DC4C00F0F422 /* Products */,
			);
			sourceTree = "<group>";
		};
		F1827A162C49DC4C00F0F422 /* Products */ = {
			isa = PBXGroup;
			children = (
				F1827A152C49DC4C00F0F422 /* NYU_BUS_ROUTER.app */,
				F1827A272C49DC5000F0F422 /* NYU_BUS_ROUTERTests.xctest */,
				F1827A312C49DC5000F0F422 /* NYU_BUS_ROUTERUITests.xctest */,
			);
			name = Products;
			sourceTree = "<group>";
		};
		F1827A172C49DC4C00F0F422 /* NYU_BUS_ROUTER */ = {
			isa = PBXGroup;
			children = (
				F1827A182C49DC4C00F0F422 /* NYU_BUS_ROUTERApp.swift */,
				F1827AB12C4AEB8700F0F422 /* ScheduleView.swift */,
				F1827A442C49DCA000F0F422 /* BusStopTime.swift */,
				F1827ABD2C4AEC7A00F0F422 /* HomeView.swift */,
				F1827AB92C4AEC5C00F0F422 /* MapsView.swift */,
				F1827AB52C4AEC3500F0F422 /* MainView.swift */,
				F1827A482C49DCBF00F0F422 /* data */,
				F1827A1C2C49DC4C00F0F422 /* Item.swift */,
				F1827A1E2C49DC4F00F0F422 /* Assets.xcassets */,
				F1827A202C49DC4F00F0F422 /* Preview Content */,
			);
			path = NYU_BUS_ROUTER;
			sourceTree = "<group>";
		};
		F1827A202C49DC4F00F0F422 /* Preview Content */ = {
			isa = PBXGroup;
			children = (
				F1827A212C49DC4F00F0F422 /* Preview Assets.xcassets */,
			);
			path = "Preview Content";
			sourceTree = "<group>";
		};
		F1827A2A2C49DC5000F0F422 /* NYU_BUS_ROUTERTests */ = {
			isa = PBXGroup;
			children = (
				F1827A2B2C49DC5000F0F422 /* NYU_BUS_ROUTERTests.swift */,
			);
			path = NYU_BUS_ROUTERTests;
			sourceTree = "<group>";
		};
		F1827A342C49DC5000F0F422 /* NYU_BUS_ROUTERUITests */ = {
			isa = PBXGroup;
			children = (
				F1827A352C49DC5000F0F422 /* NYU_BUS_ROUTERUITests.swift */,
				F1827A372C49DC5000F0F422 /* NYU_BUS_ROUTERUITestsLaunchTests.swift */,
			);
			path = NYU_BUS_ROUTERUITests;
			sourceTree = "<group>";
		};
		F1827A482C49DCBF00F0F422 /* data */ = {
			isa = PBXGroup;
			children = (
				F1827A812C49DD5F00F0F422 /* Route_A_Schedule_Monday-Thursday.json */,
				F1827A852C49DD6500F0F422 /* Route_A_Schedule_Weekend.json */,
				F1827A892C49DD6E00F0F422 /* Route_B_Schedule_Friday.json */,
				F1827A952C49DD9200F0F422 /* Route_E_Schedule_Friday.json */,
				F1827A9D2C49DDA000F0F422 /* Route_F_Schedule_Monday-Thursday.json */,
				F1827A912C49DD8700F0F422 /* Route_C_Schedule_Monday-Thursday.json */,
				F1827AA12C49DDA900F0F422 /* Route_G_Schedule_Friday.json */,
				F1827AAD2C49DDB800F0F422 /* Route_W_Schedule_Weekend.json */,
				F1827AA52C49DDAD00F0F422 /* Route_G_Schedule_Monday-Thursday.json */,
				F1827AA92C49DDB200F0F422 /* Route_G_Schedule_Weekend.json */,
				F1827A992C49DD9900F0F422 /* Route_E_Schedule_Monday-Thursday.json */,
				F1827A8D2C49DD7900F0F422 /* Route_B_Schedule_Monday-Thursday.json */,
				F1827A7D2C49DD4B00F0F422 /* Route_A_Schedule_Friday.json */,
			);
			path = data;
			sourceTree = "<group>";
		};
/* End PBXGroup section */

/* Begin PBXNativeTarget section */
		F1827A142C49DC4C00F0F422 /* NYU_BUS_ROUTER */ = {
			isa = PBXNativeTarget;
			buildConfigurationList = F1827A3B2C49DC5000F0F422 /* Build configuration list for PBXNativeTarget "NYU_BUS_ROUTER" */;
			buildPhases = (
				F1827A112C49DC4C00F0F422 /* Sources */,
				F1827A122C49DC4C00F0F422 /* Frameworks */,
				F1827A132C49DC4C00F0F422 /* Resources */,
			);
			buildRules = (
			);
			dependencies = (
			);
			name = NYU_BUS_ROUTER;
			productName = NYU_BUS_ROUTER;
			productReference = F1827A152C49DC4C00F0F422 /* NYU_BUS_ROUTER.app */;
			productType = "com.apple.product-type.application";
		};
		F1827A262C49DC5000F0F422 /* NYU_BUS_ROUTERTests */ = {
			isa = PBXNativeTarget;
			buildConfigurationList = F1827A3E2C49DC5000F0F422 /* Build configuration list for PBXNativeTarget "NYU_BUS_ROUTERTests" */;
			buildPhases = (
				F1827A232C49DC5000F0F422 /* Sources */,
				F1827A242C49DC5000F0F422 /* Frameworks */,
				F1827A252C49DC5000F0F422 /* Resources */,
			);
			buildRules = (
			);
			dependencies = (
				F1827A292C49DC5000F0F422 /* PBXTargetDependency */,
			);
			name = NYU_BUS_ROUTERTests;
			productName = NYU_BUS_ROUTERTests;
			productReference = F1827A272C49DC5000F0F422 /* NYU_BUS_ROUTERTests.xctest */;
			productType = "com.apple.product-type.bundle.unit-test";
		};
		F1827A302C49DC5000F0F422 /* NYU_BUS_ROUTERUITests */ = {
			isa = PBXNativeTarget;
			buildConfigurationList = F1827A412C49DC5000F0F422 /* Build configuration list for PBXNativeTarget "NYU_BUS_ROUTERUITests" */;
			buildPhases = (
				F1827A2D2C49DC5000F0F422 /* Sources */,
				F1827A2E2C49DC5000F0F422 /* Frameworks */,
				F1827A2F2C49DC5000F0F422 /* Resources */,
			);
			buildRules = (
			);
			dependencies = (
				F1827A332C49DC5000F0F422 /* PBXTargetDependency */,
			);
			name = NYU_BUS_ROUTERUITests;
			productName = NYU_BUS_ROUTERUITests;
			productReference = F1827A312C49DC5000F0F422 /* NYU_BUS_ROUTERUITests.xctest */;
			productType = "com.apple.product-type.bundle.ui-testing";
		};
/* End PBXNativeTarget section */

/* Begin PBXProject section */
		F1827A0D2C49DC4C00F0F422 /* Project object */ = {
			isa = PBXProject;
			attributes = {
				BuildIndependentTargetsInParallel = 1;
				LastSwiftUpdateCheck = 1540;
				LastUpgradeCheck = 1540;
				TargetAttributes = {
					F1827A142C49DC4C00F0F422 = {
						CreatedOnToolsVersion = 15.4;
					};
					F1827A262C49DC5000F0F422 = {
						CreatedOnToolsVersion = 15.4;
						TestTargetID = F1827A142C49DC4C00F0F422;
					};
					F1827A302C49DC5000F0F422 = {
						CreatedOnToolsVersion = 15.4;
						TestTargetID = F1827A142C49DC4C00F0F422;
					};
				};
			};
			buildConfigurationList = F1827A102C49DC4C00F0F422 /* Build configuration list for PBXProject "NYU_BUS_ROUTER" */;
			compatibilityVersion = "Xcode 14.0";
			developmentRegion = en;
			hasScannedForEncodings = 0;
			knownRegions = (
				en,
				Base,
			);
			mainGroup = F1827A0C2C49DC4C00F0F422;
			productRefGroup = F1827A162C49DC4C00F0F422 /* Products */;
			projectDirPath = "";
			projectRoot = "";
			targets = (
				F1827A142C49DC4C00F0F422 /* NYU_BUS_ROUTER */,
				F1827A262C49DC5000F0F422 /* NYU_BUS_ROUTERTests */,
				F1827A302C49DC5000F0F422 /* NYU_BUS_ROUTERUITests */,
			);
		};
/* End PBXProject section */

/* Begin PBXResourcesBuildPhase section */
		F1827A132C49DC4C00F0F422 /* Resources */ = {
			isa = PBXResourcesBuildPhase;
			buildActionMask = 2147483647;
			files = (
				F1827AA62C49DDAD00F0F422 /* Route_G_Schedule_Monday-Thursday.json in Resources */,
				F1827A7E2C49DD4B00F0F422 /* Route_A_Schedule_Friday.json in Resources */,
				F1827A962C49DD9200F0F422 /* Route_E_Schedule_Friday.json in Resources */,
				F1827AA22C49DDA900F0F422 /* Route_G_Schedule_Friday.json in Resources */,
				F1827AAE2C49DDB800F0F422 /* Route_W_Schedule_Weekend.json in Resources */,
				F1827A222C49DC4F00F0F422 /* Preview Assets.xcassets in Resources */,
				F1827A1F2C49DC4F00F0F422 /* Assets.xcassets in Resources */,
				F1827A8A2C49DD6E00F0F422 /* Route_B_Schedule_Friday.json in Resources */,
				F1827A9A2C49DD9900F0F422 /* Route_E_Schedule_Monday-Thursday.json in Resources */,
				F1827A822C49DD5F00F0F422 /* Route_A_Schedule_Monday-Thursday.json in Resources */,
				F1827AAA2C49DDB200F0F422 /* Route_G_Schedule_Weekend.json in Resources */,
				F1827A922C49DD8700F0F422 /* Route_C_Schedule_Monday-Thursday.json in Resources */,
				F1827A862C49DD6500F0F422 /* Route_A_Schedule_Weekend.json in Resources */,
				F1827A9E2C49DDA000F0F422 /* Route_F_Schedule_Monday-Thursday.json in Resources */,
				F1827A8E2C49DD7900F0F422 /* Route_B_Schedule_Monday-Thursday.json in Resources */,
			);
			runOnlyForDeploymentPostprocessing = 0;
		};
		F1827A252C49DC5000F0F422 /* Resources */ = {
			isa = PBXResourcesBuildPhase;
			buildActionMask = 2147483647;
			files = (
				F1827A8F2C49DD7900F0F422 /* Route_B_Schedule_Monday-Thursday.json in Resources */,
				F1827A972C49DD9200F0F422 /* Route_E_Schedule_Friday.json in Resources */,
				F1827A932C49DD8700F0F422 /* Route_C_Schedule_Monday-Thursday.json in Resources */,
				F1827A9F2C49DDA000F0F422 /* Route_F_Schedule_Monday-Thursday.json in Resources */,
				F1827A9B2C49DD9900F0F422 /* Route_E_Schedule_Monday-Thursday.json in Resources */,
				F1827A7F2C49DD4B00F0F422 /* Route_A_Schedule_Friday.json in Resources */,
				F1827AA32C49DDA900F0F422 /* Route_G_Schedule_Friday.json in Resources */,
				F1827AAF2C49DDB800F0F422 /* Route_W_Schedule_Weekend.json in Resources */,
				F1827A8B2C49DD6E00F0F422 /* Route_B_Schedule_Friday.json in Resources */,
				F1827A832C49DD5F00F0F422 /* Route_A_Schedule_Monday-Thursday.json in Resources */,
				F1827AA72C49DDAD00F0F422 /* Route_G_Schedule_Monday-Thursday.json in Resources */,
				F1827A872C49DD6500F0F422 /* Route_A_Schedule_Weekend.json in Resources */,
				F1827AAB2C49DDB200F0F422 /* Route_G_Schedule_Weekend.json in Resources */,
			);
			runOnlyForDeploymentPostprocessing = 0;
		};
		F1827A2F2C49DC5000F0F422 /* Resources */ = {
			isa = PBXResourcesBuildPhase;
			buildActionMask = 2147483647;
			files = (
				F1827A902C49DD7900F0F422 /* Route_B_Schedule_Monday-Thursday.json in Resources */,
				F1827A982C49DD9200F0F422 /* Route_E_Schedule_Friday.json in Resources */,
				F1827A942C49DD8700F0F422 /* Route_C_Schedule_Monday-Thursday.json in Resources */,
				F1827AA02C49DDA000F0F422 /* Route_F_Schedule_Monday-Thursday.json in Resources */,
				F1827A9C2C49DD9900F0F422 /* Route_E_Schedule_Monday-Thursday.json in Resources */,
				F1827A802C49DD4B00F0F422 /* Route_A_Schedule_Friday.json in Resources */,
				F1827AA42C49DDA900F0F422 /* Route_G_Schedule_Friday.json in Resources */,
				F1827AB02C49DDB800F0F422 /* Route_W_Schedule_Weekend.json in Resources */,
				F1827A8C2C49DD6E00F0F422 /* Route_B_Schedule_Friday.json in Resources */,
				F1827A842C49DD5F00F0F422 /* Route_A_Schedule_Monday-Thursday.json in Resources */,
				F1827AA82C49DDAD00F0F422 /* Route_G_Schedule_Monday-Thursday.json in Resources */,
				F1827A882C49DD6500F0F422 /* Route_A_Schedule_Weekend.json in Resources */,
				F1827AAC2C49DDB200F0F422 /* Route_G_Schedule_Weekend.json in Resources */,
			);
			runOnlyForDeploymentPostprocessing = 0;
		};
/* End PBXResourcesBuildPhase section */

/* Begin PBXSourcesBuildPhase section */
		F1827A112C49DC4C00F0F422 /* Sources */ = {
			isa = PBXSourcesBuildPhase;
			buildActionMask = 2147483647;
			files = (
				F1827AB22C4AEB8700F0F422 /* ScheduleView.swift in Sources */,
				F1827AB62C4AEC3500F0F422 /* MainView.swift in Sources */,
				F1827A1D2C49DC4C00F0F422 /* Item.swift in Sources */,
				F1827A192C49DC4C00F0F422 /* NYU_BUS_ROUTERApp.swift in Sources */,
				F1827ABE2C4AEC7A00F0F422 /* HomeView.swift in Sources */,
				F1827ABA2C4AEC5C00F0F422 /* MapsView.swift in Sources */,
				F1827A452C49DCA000F0F422 /* BusStopTime.swift in Sources */,
			);
			runOnlyForDeploymentPostprocessing = 0;
		};
		F1827A232C49DC5000F0F422 /* Sources */ = {
			isa = PBXSourcesBuildPhase;
			buildActionMask = 2147483647;
			files = (
				F1827ABB2C4AEC5C00F0F422 /* MapsView.swift in Sources */,
				F1827A2C2C49DC5000F0F422 /* NYU_BUS_ROUTERTests.swift in Sources */,
				F1827AB72C4AEC3500F0F422 /* MainView.swift in Sources */,
				F1827ABF2C4AEC7A00F0F422 /* HomeView.swift in Sources */,
				F1827A462C49DCA000F0F422 /* BusStopTime.swift in Sources */,
				F1827AB32C4AEB8700F0F422 /* ScheduleView.swift in Sources */,
			);
			runOnlyForDeploymentPostprocessing = 0;
		};
		F1827A2D2C49DC5000F0F422 /* Sources */ = {
			isa = PBXSourcesBuildPhase;
			buildActionMask = 2147483647;
			files = (
				F1827A362C49DC5000F0F422 /* NYU_BUS_ROUTERUITests.swift in Sources */,
				F1827AC02C4AEC7A00F0F422 /* HomeView.swift in Sources */,
				F1827AB42C4AEB8700F0F422 /* ScheduleView.swift in Sources */,
				F1827A382C49DC5000F0F422 /* NYU_BUS_ROUTERUITestsLaunchTests.swift in Sources */,
				F1827ABC2C4AEC5C00F0F422 /* MapsView.swift in Sources */,
				F1827AB82C4AEC3500F0F422 /* MainView.swift in Sources */,
				F1827A472C49DCA000F0F422 /* BusStopTime.swift in Sources */,
			);
			runOnlyForDeploymentPostprocessing = 0;
		};
/* End PBXSourcesBuildPhase section */

/* Begin PBXTargetDependency section */
		F1827A292C49DC5000F0F422 /* PBXTargetDependency */ = {
			isa = PBXTargetDependency;
			target = F1827A142C49DC4C00F0F422 /* NYU_BUS_ROUTER */;
			targetProxy = F1827A282C49DC5000F0F422 /* PBXContainerItemProxy */;
		};
		F1827A332C49DC5000F0F422 /* PBXTargetDependency */ = {
			isa = PBXTargetDependency;
			target = F1827A142C49DC4C00F0F422 /* NYU_BUS_ROUTER */;
			targetProxy = F1827A322C49DC5000F0F422 /* PBXContainerItemProxy */;
		};
/* End PBXTargetDependency section */

/* Begin XCBuildConfiguration section */
		F1827A392C49DC5000F0F422 /* Debug */ = {
			isa = XCBuildConfiguration;
			buildSettings = {
				ALWAYS_SEARCH_USER_PATHS = NO;
				ASSETCATALOG_COMPILER_GENERATE_SWIFT_ASSET_SYMBOL_EXTENSIONS = YES;
				CLANG_ANALYZER_NONNULL = YES;
				CLANG_ANALYZER_NUMBER_OBJECT_CONVERSION = YES_AGGRESSIVE;
				CLANG_CXX_LANGUAGE_STANDARD = "gnu++20";
				CLANG_ENABLE_MODULES = YES;
				CLANG_ENABLE_OBJC_ARC = YES;
				CLANG_ENABLE_OBJC_WEAK = YES;
				CLANG_WARN_BLOCK_CAPTURE_AUTORELEASING = YES;
				CLANG_WARN_BOOL_CONVERSION = YES;
				CLANG_WARN_COMMA = YES;
				CLANG_WARN_CONSTANT_CONVERSION = YES;
				CLANG_WARN_DEPRECATED_OBJC_IMPLEMENTATIONS = YES;
				CLANG_WARN_DIRECT_OBJC_ISA_USAGE = YES_ERROR;
				CLANG_WARN_DOCUMENTATION_COMMENTS = YES;
				CLANG_WARN_EMPTY_BODY = YES;
				CLANG_WARN_ENUM_CONVERSION = YES;
				CLANG_WARN_INFINITE_RECURSION = YES;
				CLANG_WARN_INT_CONVERSION = YES;
				CLANG_WARN_NON_LITERAL_NULL_CONVERSION = YES;
				CLANG_WARN_OBJC_IMPLICIT_RETAIN_SELF = YES;
				CLANG_WARN_OBJC_LITERAL_CONVERSION = YES;
				CLANG_WARN_OBJC_ROOT_CLASS = YES_ERROR;
				CLANG_WARN_QUOTED_INCLUDE_IN_FRAMEWORK_HEADER = YES;
				CLANG_WARN_RANGE_LOOP_ANALYSIS = YES;
				CLANG_WARN_STRICT_PROTOTYPES = YES;
				CLANG_WARN_SUSPICIOUS_MOVE = YES;
				CLANG_WARN_UNGUARDED_AVAILABILITY = YES_AGGRESSIVE;
				CLANG_WARN_UNREACHABLE_CODE = YES;
				CLANG_WARN__DUPLICATE_METHOD_MATCH = YES;
				COPY_PHASE_STRIP = NO;
				DEBUG_INFORMATION_FORMAT = dwarf;
				ENABLE_STRICT_OBJC_MSGSEND = YES;
				ENABLE_TESTABILITY = YES;
				ENABLE_USER_SCRIPT_SANDBOXING = YES;
				GCC_C_LANGUAGE_STANDARD = gnu17;
				GCC_DYNAMIC_NO_PIC = NO;
				GCC_NO_COMMON_BLOCKS = YES;
				GCC_OPTIMIZATION_LEVEL = 0;
				GCC_PREPROCESSOR_DEFINITIONS = (
					"DEBUG=1",
					"$(inherited)",
				);
				GCC_WARN_64_TO_32_BIT_CONVERSION = YES;
				GCC_WARN_ABOUT_RETURN_TYPE = YES_ERROR;
				GCC_WARN_UNDECLARED_SELECTOR = YES;
				GCC_WARN_UNINITIALIZED_AUTOS = YES_AGGRESSIVE;
				GCC_WARN_UNUSED_FUNCTION = YES;
				GCC_WARN_UNUSED_VARIABLE = YES;
				IPHONEOS_DEPLOYMENT_TARGET = 17.5;
				LOCALIZATION_PREFERS_STRING_CATALOGS = YES;
				MTL_ENABLE_DEBUG_INFO = INCLUDE_SOURCE;
				MTL_FAST_MATH = YES;
				ONLY_ACTIVE_ARCH = YES;
				SDKROOT = iphoneos;
				SWIFT_ACTIVE_COMPILATION_CONDITIONS = "DEBUG $(inherited)";
				SWIFT_OPTIMIZATION_LEVEL = "-Onone";
			};
			name = Debug;
		};
		F1827A3A2C49DC5000F0F422 /* Release */ = {
			isa = XCBuildConfiguration;
			buildSettings = {
				ALWAYS_SEARCH_USER_PATHS = NO;
				ASSETCATALOG_COMPILER_GENERATE_SWIFT_ASSET_SYMBOL_EXTENSIONS = YES;
				CLANG_ANALYZER_NONNULL = YES;
				CLANG_ANALYZER_NUMBER_OBJECT_CONVERSION = YES_AGGRESSIVE;
				CLANG_CXX_LANGUAGE_STANDARD = "gnu++20";
				CLANG_ENABLE_MODULES = YES;
				CLANG_ENABLE_OBJC_ARC = YES;
				CLANG_ENABLE_OBJC_WEAK = YES;
				CLANG_WARN_BLOCK_CAPTURE_AUTORELEASING = YES;
				CLANG_WARN_BOOL_CONVERSION = YES;
				CLANG_WARN_COMMA = YES;
				CLANG_WARN_CONSTANT_CONVERSION = YES;
				CLANG_WARN_DEPRECATED_OBJC_IMPLEMENTATIONS = YES;
				CLANG_WARN_DIRECT_OBJC_ISA_USAGE = YES_ERROR;
				CLANG_WARN_DOCUMENTATION_COMMENTS = YES;
				CLANG_WARN_EMPTY_BODY = YES;
				CLANG_WARN_ENUM_CONVERSION = YES;
				CLANG_WARN_INFINITE_RECURSION = YES;
				CLANG_WARN_INT_CONVERSION = YES;
				CLANG_WARN_NON_LITERAL_NULL_CONVERSION = YES;
				CLANG_WARN_OBJC_IMPLICIT_RETAIN_SELF = YES;
				CLANG_WARN_OBJC_LITERAL_CONVERSION = YES;
				CLANG_WARN_OBJC_ROOT_CLASS = YES_ERROR;
				CLANG_WARN_QUOTED_INCLUDE_IN_FRAMEWORK_HEADER = YES;
				CLANG_WARN_RANGE_LOOP_ANALYSIS = YES;
				CLANG_WARN_STRICT_PROTOTYPES = YES;
				CLANG_WARN_SUSPICIOUS_MOVE = YES;
				CLANG_WARN_UNGUARDED_AVAILABILITY = YES_AGGRESSIVE;
				CLANG_WARN_UNREACHABLE_CODE = YES;
				CLANG_WARN__DUPLICATE_METHOD_MATCH = YES;
				COPY_PHASE_STRIP = NO;
				DEBUG_INFORMATION_FORMAT = "dwarf-with-dsym";
				ENABLE_NS_ASSERTIONS = NO;
				ENABLE_STRICT_OBJC_MSGSEND = YES;
				ENABLE_USER_SCRIPT_SANDBOXING = YES;
				GCC_C_LANGUAGE_STANDARD = gnu17;
				GCC_NO_COMMON_BLOCKS = YES;
				GCC_WARN_64_TO_32_BIT_CONVERSION = YES;
				GCC_WARN_ABOUT_RETURN_TYPE = YES_ERROR;
				GCC_WARN_UNDECLARED_SELECTOR = YES;
				GCC_WARN_UNINITIALIZED_AUTOS = YES_AGGRESSIVE;
				GCC_WARN_UNUSED_FUNCTION = YES;
				GCC_WARN_UNUSED_VARIABLE = YES;
				IPHONEOS_DEPLOYMENT_TARGET = 17.5;
				LOCALIZATION_PREFERS_STRING_CATALOGS = YES;
				MTL_ENABLE_DEBUG_INFO = NO;
				MTL_FAST_MATH = YES;
				SDKROOT = iphoneos;
				SWIFT_COMPILATION_MODE = wholemodule;
				VALIDATE_PRODUCT = YES;
			};
			name = Release;
		};
		F1827A3C2C49DC5000F0F422 /* Debug */ = {
			isa = XCBuildConfiguration;
			buildSettings = {
				ASSETCATALOG_COMPILER_APPICON_NAME = AppIcon;
				ASSETCATALOG_COMPILER_GLOBAL_ACCENT_COLOR_NAME = AccentColor;
				CODE_SIGN_STYLE = Automatic;
				CURRENT_PROJECT_VERSION = 1;
				DEVELOPMENT_ASSET_PATHS = "\"NYU_BUS_ROUTER/Preview Content\"";
				DEVELOPMENT_TEAM = 9AAY92JHJ8;
				ENABLE_PREVIEWS = YES;
				GENERATE_INFOPLIST_FILE = YES;
				INFOPLIST_KEY_UIApplicationSceneManifest_Generation = YES;
				INFOPLIST_KEY_UIApplicationSupportsIndirectInputEvents = YES;
				INFOPLIST_KEY_UILaunchScreen_Generation = YES;
				INFOPLIST_KEY_UISupportedInterfaceOrientations_iPad = "UIInterfaceOrientationPortrait UIInterfaceOrientationPortraitUpsideDown UIInterfaceOrientationLandscapeLeft UIInterfaceOrientationLandscapeRight";
				INFOPLIST_KEY_UISupportedInterfaceOrientations_iPhone = "UIInterfaceOrientationPortrait UIInterfaceOrientationLandscapeLeft UIInterfaceOrientationLandscapeRight";
				LD_RUNPATH_SEARCH_PATHS = (
					"$(inherited)",
					"@executable_path/Frameworks",
				);
				MARKETING_VERSION = 1.0;
				PRODUCT_BUNDLE_IDENTIFIER = "danny.NYU-BUS-ROUTER";
				PRODUCT_NAME = "$(TARGET_NAME)";
				SWIFT_EMIT_LOC_STRINGS = YES;
				SWIFT_VERSION = 5.0;
				TARGETED_DEVICE_FAMILY = "1,2";
			};
			name = Debug;
		};
		F1827A3D2C49DC5000F0F422 /* Release */ = {
			isa = XCBuildConfiguration;
			buildSettings = {
				ASSETCATALOG_COMPILER_APPICON_NAME = AppIcon;
				ASSETCATALOG_COMPILER_GLOBAL_ACCENT_COLOR_NAME = AccentColor;
				CODE_SIGN_STYLE = Automatic;
				CURRENT_PROJECT_VERSION = 1;
				DEVELOPMENT_ASSET_PATHS = "\"NYU_BUS_ROUTER/Preview Content\"";
				DEVELOPMENT_TEAM = 9AAY92JHJ8;
				ENABLE_PREVIEWS = YES;
				GENERATE_INFOPLIST_FILE = YES;
				INFOPLIST_KEY_UIApplicationSceneManifest_Generation = YES;
				INFOPLIST_KEY_UIApplicationSupportsIndirectInputEvents = YES;
				INFOPLIST_KEY_UILaunchScreen_Generation = YES;
				INFOPLIST_KEY_UISupportedInterfaceOrientations_iPad = "UIInterfaceOrientationPortrait UIInterfaceOrientationPortraitUpsideDown UIInterfaceOrientationLandscapeLeft UIInterfaceOrientationLandscapeRight";
				INFOPLIST_KEY_UISupportedInterfaceOrientations_iPhone = "UIInterfaceOrientationPortrait UIInterfaceOrientationLandscapeLeft UIInterfaceOrientationLandscapeRight";
				LD_RUNPATH_SEARCH_PATHS = (
					"$(inherited)",
					"@executable_path/Frameworks",
				);
				MARKETING_VERSION = 1.0;
				PRODUCT_BUNDLE_IDENTIFIER = "danny.NYU-BUS-ROUTER";
				PRODUCT_NAME = "$(TARGET_NAME)";
				SWIFT_EMIT_LOC_STRINGS = YES;
				SWIFT_VERSION = 5.0;
				TARGETED_DEVICE_FAMILY = "1,2";
			};
			name = Release;
		};
		F1827A3F2C49DC5000F0F422 /* Debug */ = {
			isa = XCBuildConfiguration;
			buildSettings = {
				ALWAYS_EMBED_SWIFT_STANDARD_LIBRARIES = YES;
				BUNDLE_LOADER = "$(TEST_HOST)";
				CODE_SIGN_STYLE = Automatic;
				CURRENT_PROJECT_VERSION = 1;
				DEVELOPMENT_TEAM = 9AAY92JHJ8;
				GENERATE_INFOPLIST_FILE = YES;
				IPHONEOS_DEPLOYMENT_TARGET = 17.5;
				MARKETING_VERSION = 1.0;
				PRODUCT_BUNDLE_IDENTIFIER = "danny.NYU-BUS-ROUTERTests";
				PRODUCT_NAME = "$(TARGET_NAME)";
				SWIFT_EMIT_LOC_STRINGS = NO;
				SWIFT_VERSION = 5.0;
				TARGETED_DEVICE_FAMILY = "1,2";
				TEST_HOST = "$(BUILT_PRODUCTS_DIR)/NYU_BUS_ROUTER.app/$(BUNDLE_EXECUTABLE_FOLDER_PATH)/NYU_BUS_ROUTER";
			};
			name = Debug;
		};
		F1827A402C49DC5000F0F422 /* Release */ = {
			isa = XCBuildConfiguration;
			buildSettings = {
				ALWAYS_EMBED_SWIFT_STANDARD_LIBRARIES = YES;
				BUNDLE_LOADER = "$(TEST_HOST)";
				CODE_SIGN_STYLE = Automatic;
				CURRENT_PROJECT_VERSION = 1;
				DEVELOPMENT_TEAM = 9AAY92JHJ8;
				GENERATE_INFOPLIST_FILE = YES;
				IPHONEOS_DEPLOYMENT_TARGET = 17.5;
				MARKETING_VERSION = 1.0;
				PRODUCT_BUNDLE_IDENTIFIER = "danny.NYU-BUS-ROUTERTests";
				PRODUCT_NAME = "$(TARGET_NAME)";
				SWIFT_EMIT_LOC_STRINGS = NO;
				SWIFT_VERSION = 5.0;
				TARGETED_DEVICE_FAMILY = "1,2";
				TEST_HOST = "$(BUILT_PRODUCTS_DIR)/NYU_BUS_ROUTER.app/$(BUNDLE_EXECUTABLE_FOLDER_PATH)/NYU_BUS_ROUTER";
			};
			name = Release;
		};
		F1827A422C49DC5000F0F422 /* Debug */ = {
			isa = XCBuildConfiguration;
			buildSettings = {
				ALWAYS_EMBED_SWIFT_STANDARD_LIBRARIES = YES;
				CODE_SIGN_STYLE = Automatic;
				CURRENT_PROJECT_VERSION = 1;
				DEVELOPMENT_TEAM = 9AAY92JHJ8;
				GENERATE_INFOPLIST_FILE = YES;
				MARKETING_VERSION = 1.0;
				PRODUCT_BUNDLE_IDENTIFIER = "danny.NYU-BUS-ROUTERUITests";
				PRODUCT_NAME = "$(TARGET_NAME)";
				SWIFT_EMIT_LOC_STRINGS = NO;
				SWIFT_VERSION = 5.0;
				TARGETED_DEVICE_FAMILY = "1,2";
				TEST_TARGET_NAME = NYU_BUS_ROUTER;
			};
			name = Debug;
		};
		F1827A432C49DC5000F0F422 /* Release */ = {
			isa = XCBuildConfiguration;
			buildSettings = {
				ALWAYS_EMBED_SWIFT_STANDARD_LIBRARIES = YES;
				CODE_SIGN_STYLE = Automatic;
				CURRENT_PROJECT_VERSION = 1;
				DEVELOPMENT_TEAM = 9AAY92JHJ8;
				GENERATE_INFOPLIST_FILE = YES;
				MARKETING_VERSION = 1.0;
				PRODUCT_BUNDLE_IDENTIFIER = "danny.NYU-BUS-ROUTERUITests";
				PRODUCT_NAME = "$(TARGET_NAME)";
				SWIFT_EMIT_LOC_STRINGS = NO;
				SWIFT_VERSION = 5.0;
				TARGETED_DEVICE_FAMILY = "1,2";
				TEST_TARGET_NAME = NYU_BUS_ROUTER;
			};
			name = Release;
		};
/* End XCBuildConfiguration section */

/* Begin XCConfigurationList section */
		F1827A102C49DC4C00F0F422 /* Build configuration list for PBXProject "NYU_BUS_ROUTER" */ = {
			isa = XCConfigurationList;
			buildConfigurations = (
				F1827A392C49DC5000F0F422 /* Debug */,
				F1827A3A2C49DC5000F0F422 /* Release */,
			);
			defaultConfigurationIsVisible = 0;
			defaultConfigurationName = Release;
		};
		F1827A3B2C49DC5000F0F422 /* Build configuration list for PBXNativeTarget "NYU_BUS_ROUTER" */ = {
			isa = XCConfigurationList;
			buildConfigurations = (
				F1827A3C2C49DC5000F0F422 /* Debug */,
				F1827A3D2C49DC5000F0F422 /* Release */,
			);
			defaultConfigurationIsVisible = 0;
			defaultConfigurationName = Release;
		};
		F1827A3E2C49DC5000F0F422 /* Build configuration list for PBXNativeTarget "NYU_BUS_ROUTERTests" */ = {
			isa = XCConfigurationList;
			buildConfigurations = (
				F1827A3F2C49DC5000F0F422 /* Debug */,
				F1827A402C49DC5000F0F422 /* Release */,
			);
			defaultConfigurationIsVisible = 0;
			defaultConfigurationName = Release;
		};
		F1827A412C49DC5000F0F422 /* Build configuration list for PBXNativeTarget "NYU_BUS_ROUTERUITests" */ = {
			isa = XCConfigurationList;
			buildConfigurations = (
				F1827A422C49DC5000F0F422 /* Debug */,
				F1827A432C49DC5000F0F422 /* Release */,
			);
			defaultConfigurationIsVisible = 0;
			defaultConfigurationName = Release;
		};
/* End XCConfigurationList section */
	};
	rootObject = F1827A0D2C49DC4C00F0F422 /* Project object */;
}
